
Microsoft Visual Studio Solution File, Format Version 12.00
# Visual Studio 2013
VisualStudioVersion = 12.0.31101.0
MinimumVisualStudioVersion = 10.0.40219.1
Project("{8BC9CEB8-8B4A-11D0-8D11-00A0C91BC942}") = "ConcurrentServer", "ConcurrentServer\ConcurrentServer.vcxproj", "{000A6C16-C5FE-4D3A-B743-F66C010D9744}"
EndProject
Project("{8BC9CEB8-8B4A-11D0-8D11-00A0C91BC942}") = "ConcurrentClient", "ConcurrentClient\ConcurrentClient.vcxproj", "{3BB505AD-D47D-4218-AEAB-24BC2C64C1AF}"
EndProject
Project("{8BC9CEB8-8B4A-11D0-8D11-00A0C91BC942}") = "ConsoleControl", "ConsoleControl\ConsoleControl.vcxproj", "{0F8DA142-854A-49A7-8801-AE9B93F7FB70}"
EndProject
Project("{8BC9CEB8-8B4A-11D0-8D11-00A0C91BC942}") = "SSS", "SSS\SSS.vcxproj", "{45D31482-E840-4ECB-B557-6BB665B39168}"
EndProject
Global
	GlobalSection(SolutionConfigurationPlatforms) = preSolution
		Debug|Win32 = Debug|Win32
		Release|Win32 = Release|Win32
	EndGlobalSection
	GlobalSection(ProjectConfigurationPlatforms) = postSolution
		{000A6C16-C5FE-4D3A-B743-F66C010D9744}.Debug|Win32.ActiveCfg = Debug|Win32
		{000A6C16-C5FE-4D3A-B743-F66C010D9744}.Debug|Win32.Build.0 = Debug|Win32
		{000A6C16-C5FE-4D3A-B743-F66C010D9744}.Release|Win32.ActiveCfg = Release|Win32
		{000A6C16-C5FE-4D3A-B743-F66C010D9744}.Release|Win32.Build.0 = Release|Win32
		{3BB505AD-D47D-4218-AEAB-24BC2C64C1AF}.Debug|Win32.ActiveCfg = Debug|Win32
		{3BB505AD-D47D-4218-AEAB-24BC2C64C1AF}.Debug|Win32.Build.0 = Debug|Win32
		{3BB505AD-D47D-4218-AEAB-24BC2C64C1AF}.Release|Win32.ActiveCfg = Release|Win32
		{3BB505AD-D47D-4218-AEAB-24BC2C64C1AF}.Release|Win32.Build.0 = Release|Win32
		{0F8DA142-854A-49A7-8801-AE9B93F7FB70}.Debug|Win32.ActiveCfg = Debug|Win32
		{0F8DA142-854A-49A7-8801-AE9B93F7FB70}.Debug|Win32.Build.0 = Debug|Win32
		{0F8DA142-854A-49A7-8801-AE9B93F7FB70}.Release|Win32.ActiveCfg = Release|Win32
		{0F8DA142-854A-49A7-8801-AE9B93F7FB70}.Release|Win32.Build.0 = Release|Win32
		{45D31482-E840-4ECB-B557-6BB665B39168}.Debug|Win32.ActiveCfg = Debug|Win32
		{45D31482-E840-4ECB-B557-6BB665B39168}.Debug|Win32.Build.0 = Debug|Win32
		{45D31482-E840-4ECB-B557-6BB665B39168}.Release|Win32.ActiveCfg = Release|Win32
		{45D31482-E840-4ECB-B557-6BB665B39168}.Release|Win32.Build.0 = Release|Win32
	EndGlobalSection
	GlobalSection(SolutionProperties) = preSolution
		HideSolutionNode = FALSE
	EndGlobalSection
EndGlobal
