
Microsoft Visual Studio Solution File, Format Version 12.00
# Visual Studio 2013
VisualStudioVersion = 12.0.31101.0
MinimumVisualStudioVersion = 10.0.40219.1
Project("{8BC9CEB8-8B4A-11D0-8D11-00A0C91BC942}") = "NetLab4", "NetLab4\NetLab4.vcxproj", "{EFA631FD-10F5-4C1E-9CAF-E616C76A9322}"
EndProject
Project("{8BC9CEB8-8B4A-11D0-8D11-00A0C91BC942}") = "NetLab4Client", "NetLab4Server\NetLab4Server.vcxproj", "{D97CB08B-8D37-4CB9-883B-EB4B44FA8E5E}"
EndProject
Global
	GlobalSection(SolutionConfigurationPlatforms) = preSolution
		Debug|Win32 = Debug|Win32
		Release|Win32 = Release|Win32
	EndGlobalSection
	GlobalSection(ProjectConfigurationPlatforms) = postSolution
		{EFA631FD-10F5-4C1E-9CAF-E616C76A9322}.Debug|Win32.ActiveCfg = Debug|Win32
		{EFA631FD-10F5-4C1E-9CAF-E616C76A9322}.Debug|Win32.Build.0 = Debug|Win32
		{EFA631FD-10F5-4C1E-9CAF-E616C76A9322}.Release|Win32.ActiveCfg = Release|Win32
		{EFA631FD-10F5-4C1E-9CAF-E616C76A9322}.Release|Win32.Build.0 = Release|Win32
		{D97CB08B-8D37-4CB9-883B-EB4B44FA8E5E}.Debug|Win32.ActiveCfg = Debug|Win32
		{D97CB08B-8D37-4CB9-883B-EB4B44FA8E5E}.Debug|Win32.Build.0 = Debug|Win32
		{D97CB08B-8D37-4CB9-883B-EB4B44FA8E5E}.Release|Win32.ActiveCfg = Release|Win32
		{D97CB08B-8D37-4CB9-883B-EB4B44FA8E5E}.Release|Win32.Build.0 = Release|Win32
	EndGlobalSection
	GlobalSection(SolutionProperties) = preSolution
		HideSolutionNode = FALSE
	EndGlobalSection
EndGlobal
